{
  "name": "google-gifs-autoplay",
  "lockfileVersion": 2,
  "requires": true,
  "packages": {
    "": {
      "dependencies": {
        "@types/chrome": "^0.1.32"
      },
      "devDependencies": {
        "typescript": "^5.2.2"
      }
    },
    "node_modules/@types/chrome": {
      "version": "0.1.32",
      "resolved": "https://registry.npmjs.org/@types/chrome/-/chrome-0.1.32.tgz",
      "integrity": "sha512-n5Cqlh7zyAqRLQWLXkeV5K/1BgDZdVcO/dJSTa8x+7w+sx7m73UrDmduAptg4KorMtyTW2TNnPu8RGeaDMKNGg==",
      "license": "MIT",
      "dependencies": {
        "@types/filesystem": "*",
        "@types/har-format": "*"
      }
    },
    "node_modules/@types/filesystem": {
      "version": "0.0.33",
      "resolved": "https://registry.npmjs.org/@types/filesystem/-/filesystem-0.0.33.tgz",
      "integrity": "sha512-2KedRPzwu2K528vFkoXnnWdsG0MtUwPjuA7pRy4vKxlxHEe8qUDZibYHXJKZZr2Cl/ELdCWYqyb/MKwsUuzBWw==",
      "dependencies": {
        "@types/filewriter": "*"
      }
    },
    "node_modules/@types/filewriter": {
      "version": "0.0.30",
      "resolved": "https://registry.npmjs.org/@types/filewriter/-/filewriter-0.0.30.tgz",
      "integrity": "sha512-lB98tui0uxc7erbj0serZfJlHKLNJHwBltPnbmO1WRpL5T325GOHRiQfr2E29V2q+S1brDO63Fpdt6vb3bES9Q=="
    },
    "node_modules/@types/har-format": {
      "version": "1.2.13",
      "resolved": "https://registry.npmjs.org/@types/har-format/-/har-format-1.2.13.tgz",
      "integrity": "sha512-PwBsCBD3lDODn4xpje3Y1di0aDJp4Ww7aSfMRVw6ysnxD4I7Wmq2mBkSKaDtN403hqH5sp6c9xQUvFYY3+lkBg=="
    },
    "node_modules/typescript": {
      "version": "5.2.2",
      "resolved": "https://registry.npmjs.org/typescript/-/typescript-5.2.2.tgz",
      "integrity": "sha512-mI4WrpHsbCIcwT9cF4FZvr80QUeKvsUsUvKDoR+X/7XHQH98xYD8YHZg7ANtz2GtZt/CBq2QJ0thkGJMHfqc1w==",
      "dev": true,
      "bin": {
        "tsc": "bin/tsc",
        "tsserver": "bin/tsserver"
      },
      "engines": {
        "node": ">=14.17"
      }
    }
  },
  "dependencies": {
    "@types/chrome": {
      "version": "0.1.32",
      "resolved": "https://registry.npmjs.org/@types/chrome/-/chrome-0.1.32.tgz",
      "integrity": "sha512-n5Cqlh7zyAqRLQWLXkeV5K/1BgDZdVcO/dJSTa8x+7w+sx7m73UrDmduAptg4KorMtyTW2TNnPu8RGeaDMKNGg==",
      "requires": {
        "@types/filesystem": "*",
        "@types/har-format": "*"
      }
    },
    "@types/filesystem": {
      "version": "0.0.33",
      "resolved": "https://registry.npmjs.org/@types/filesystem/-/filesystem-0.0.33.tgz",
      "integrity": "sha512-2KedRPzwu2K528vFkoXnnWdsG0MtUwPjuA7pRy4vKxlxHEe8qUDZibYHXJKZZr2Cl/ELdCWYqyb/MKwsUuzBWw==",
      "requires": {
        "@types/filewriter": "*"
      }
    },
    "@types/filewriter": {
      "version": "0.0.30",
      "resolved": "https://registry.npmjs.org/@types/filewriter/-/filewriter-0.0.30.tgz",
      "integrity": "sha512-lB98tui0uxc7erbj0serZfJlHKLNJHwBltPnbmO1WRpL5T325GOHRiQfr2E29V2q+S1brDO63Fpdt6vb3bES9Q=="
    },
    "@types/har-format": {
      "version": "1.2.13",
      "resolved": "https://registry.npmjs.org/@types/har-format/-/har-format-1.2.13.tgz",
      "integrity": "sha512-PwBsCBD3lDODn4xpje3Y1di0aDJp4Ww7aSfMRVw6ysnxD4I7Wmq2mBkSKaDtN403hqH5sp6c9xQUvFYY3+lkBg=="
    },
    "typescript": {
      "version": "5.2.2",
      "resolved": "https://registry.npmjs.org/typescript/-/typescript-5.2.2.tgz",
      "integrity": "sha512-mI4WrpHsbCIcwT9cF4FZvr80QUeKvsUsUvKDoR+X/7XHQH98xYD8YHZg7ANtz2GtZt/CBq2QJ0thkGJMHfqc1w==",
      "dev": true
    }
  }
}
